{
    "_meta": {
        "hash": {
            "sha256": "4871caebee1afd551458cd1e61b1821cd631a99b288bc7e559513d29d03444ef"
        },
        "pipfile-spec": 6,
        "requires": {
            "python_version": "3.8"
        },
        "sources": [
            {
                "name": "pypi",
                "url": "https://pypi.org/simple",
                "verify_ssl": true
            }
        ]
    },
    "default": {
        "antlr4-python3-runtime": {
            "hashes": [
                "sha256:759eddb70061ff7387bc877f5b59e3344ab374843604f757afa5b308cb68669a"
            ],
            "index": "pypi",
            "version": "==4.9.1"
        },
        "attrs": {
            "hashes": [
                "sha256:26b54ddbbb9ee1d34d5d3668dd37d6cf74990ab23c828c2888dccdceee395594",
                "sha256:fce7fc47dfc976152e82d53ff92fa0407700c21acd20886a13777a0d20e655dc"
            ],
            "index": "pypi",
            "version": "==20.2.0"
        },
        "django": {
            "hashes": [
                "sha256:014e3392058d94f40569206a24523ce254d55ad2f9f46c6550b0fe2e4f94cf3f",
                "sha256:4200aefb6678019a0acf0005cd14cfce3a5e6b9b90d06145fcdd2e474ad4329c"
            ],
            "index": "pypi",
            "version": "==1.11.29"
        },
        "gitdb": {
            "hashes": [
                "sha256:91f36bfb1ab7949b3b40e23736db18231bf7593edada2ba5c3a174a7b23657ac",
                "sha256:c9e1f2d0db7ddb9a704c2a0217be31214e91a4fe1dea1efad19ae42ba0c285c9"
            ],
            "index": "pypi",
            "version": "==4.0.5"
        },
        "gitpython": {
            "hashes": [
                "sha256:080bf8e2cf1a2b907634761c2eaefbe83b69930c94c66ad11b65a8252959f912",
                "sha256:1858f4fd089abe92ae465f01d5aaaf55e937eca565fb2c1fce35a51b5f85c910"
            ],
            "index": "pypi",
            "version": "==3.1.8"
        },
        "graphviz": {
            "hashes": [
                "sha256:088562ef6e3dad5e8dde9389caf4a84f768e65dcaa08238cfcdf36d2b30ccf61",
                "sha256:f5aad52a652c06825dcc5ee018d920fca26aef339386866094597fb3f2f222ce"
            ],
            "index": "pypi",
            "version": "==0.14.1"
        },
        "iniconfig": {
            "hashes": [
                "sha256:80cf40c597eb564e86346103f609d74efce0f6b4d4f30ec8ce9e2c26411ba437",
                "sha256:e5f92f89355a67de0595932a6c6c02ab4afddc6fcdc0bfc5becd0d60884d3f69"
            ],
            "index": "pypi",
            "version": "==1.0.1"
        },
        "lizard": {
            "hashes": [
                "sha256:ae9485f66e824756a82589e0d9effe58826c3d9f66c9a59b93343d5a8c5ef5a5",
                "sha256:c22133c8b122bb978e0c29191ee82843b34638b9f338bd08376832b2d6e46d11"
            ],
            "index": "pypi",
            "version": "==1.17.4"
        },
        "more-itertools": {
            "hashes": [
                "sha256:6f83822ae94818eae2612063a5101a7311e68ae8002005b5e05f03fd74a86a20",
                "sha256:9b30f12df9393f0d28af9210ff8efe48d10c94f73e5daf886f10c4b0b0b4f03c"
            ],
            "index": "pypi",
            "version": "==8.5.0"
        },
        "neo4j-driver": {
            "hashes": [
                "sha256:2171671704b8a9fb5c3ec9e03feb34378846a864c615edaf9372166d1bda7552"
            ],
            "index": "pypi",
            "version": "==4.1.0"
        },
        "neobolt": {
            "hashes": [
                "sha256:1d0d5efce7221fc4f0ffc4a315bc5272708be5aa2aef5434269e800372d8db89"
            ],
            "index": "pypi",
            "version": "==1.7.17"
        },
        "neomodel": {
            "hashes": [
                "sha256:cca48daf4efb73b95dd1966a8446e901c91c815409d8c400dc1be6023c8a4519"
            ],
            "index": "pypi",
            "version": "==4.0.0"
        },
        "packaging": {
            "hashes": [
                "sha256:5b327ac1320dc863dca72f4514ecc086f31186744b84a230374cc1fd776feae5",
                "sha256:67714da7f7bc052e064859c05c595155bd1ee9f69f76557e21f051443c20947a"
            ],
            "markers": "python_version >= '2.7' and python_version not in '3.0, 3.1, 3.2, 3.3'",
            "version": "==20.9"
        },
        "pluggy": {
            "hashes": [
                "sha256:15b2acde666561e1298d71b523007ed7364de07029219b604cf808bfa1c765b0",
                "sha256:966c145cd83c96502c3c3868f50408687b38434af77734af1e9ca461a4081d2d"
            ],
            "index": "pypi",
            "version": "==0.13.1"
        },
        "py": {
            "hashes": [
                "sha256:366389d1db726cd2fcfc79732e75410e5fe4d31db13692115529d34069a043c2",
                "sha256:9ca6883ce56b4e8da7e79ac18787889fa5206c79dcc67fb065376cd2fe03f342"
            ],
            "index": "pypi",
            "version": "==1.9.0"
        },
        "pydriller": {
            "hashes": [
                "sha256:2d3322591d63c8fea590b1ac6b3cd6a9707417fdde675927a9589fe2d85e5c42",
                "sha256:88d9f6a1226a9edbf19a777ec5fc71c3f347edab383634346d76edfbe604fecb"
            ],
            "index": "pypi",
            "version": "==1.15.2"
        },
        "pyparsing": {
            "hashes": [
                "sha256:c203ec8783bf771a155b207279b9bccb8dea02d8f0c9e5f8ead507bc3246ecc1",
                "sha256:ef9d7589ef3c200abe66653d3f1ab1033c3c419ae9b9bdb1240a85b024efc88b"
            ],
            "index": "pypi",
            "version": "==2.4.7"
        },
        "pytest": {
            "hashes": [
                "sha256:85228d75db9f45e06e57ef9bf4429267f81ac7c0d742cc9ed63d09886a9fe6f4",
                "sha256:8b6007800c53fdacd5a5c192203f4e531eb2a1540ad9c752e052ec0f7143dbad"
            ],
            "index": "pypi",
            "version": "==6.0.1"
        },
        "pytz": {
            "hashes": [
                "sha256:a494d53b6d39c3c6e44c3bec237336e14305e4f29bbf800b599253057fbb79ed",
                "sha256:c35965d010ce31b23eeb663ed3cc8c906275d6be1a34393a1d73a41febf4a048"
            ],
            "index": "pypi",
            "version": "==2020.1"
        },
        "shapely": {
            "hashes": [
                "sha256:052eb5b9ba756808a7825e8a8020fb146ec489dd5c919e7d139014775411e688",
                "sha256:1641724c1055459a7e2b8bbe47ba25bdc89554582e62aec23cb3f3ca25f9b129",
                "sha256:17df66e87d0fe0193910aeaa938c99f0b04f67b430edb8adae01e7be557b141b",
                "sha256:182716ffb500d114b5d1b75d7fd9d14b7d3414cef3c38c0490534cc9ce20981a",
                "sha256:2df5260d0f2983309776cb41bfa85c464ec07018d88c0ecfca23d40bfadae2f1",
                "sha256:35be1c5d869966569d3dfd4ec31832d7c780e9df760e1fe52131105685941891",
                "sha256:46da0ea527da9cf9503e66c18bab6981c5556859e518fe71578b47126e54ca93",
                "sha256:4c10f317e379cc404f8fc510cd9982d5d3e7ba13a9cfd39aa251d894c6366798",
                "sha256:4f3c59f6dbf86a9fc293546de492f5e07344e045f9333f3a753f2dda903c45d1",
                "sha256:60e5b2282619249dbe8dc5266d781cc7d7fb1b27fa49f8241f2167672ad26719",
                "sha256:617bf046a6861d7c6b44d2d9cb9e2311548638e684c2cd071d8945f24a926263",
                "sha256:6593026cd3f5daaea12bcc51ae5c979318070fefee210e7990cb8ac2364e79a1",
                "sha256:6871acba8fbe744efa4f9f34e726d070bfbf9bffb356a8f6d64557846324232b",
                "sha256:791477edb422692e7dc351c5ed6530eb0e949a31b45569946619a0d9cd5f53cb",
                "sha256:8e7659dd994792a0aad8fb80439f59055a21163e236faf2f9823beb63a380e19",
                "sha256:8f15b6ce67dcc05b61f19c689b60f3fe58550ba994290ff8332f711f5aaa9840",
                "sha256:90a3e2ae0d6d7d50ff2370ba168fbd416a53e7d8448410758c5d6a5920646c1d",
                "sha256:a3774516c8a83abfd1ddffb8b6ec1b0935d7fe6ea0ff5c31a18bfdae567b4eba",
                "sha256:a5c3a50d823c192f32615a2a6920e8c046b09e07a58eba220407335a9cd2e8ea",
                "sha256:b40cc7bb089ae4aa9ddba1db900b4cd1bce3925d2a4b5837b639e49de054784f",
                "sha256:da38ed3d65b8091447dc3717e5218cc336d20303b77b0634b261bc5c1aa2bae8",
                "sha256:de618e67b64a51a0768d26a9963ecd7d338a2cf6e9e7582d2385f88ad005b3d1",
                "sha256:e3afccf0437edc108eef1e2bb9cc4c7073e7705924eb4cd0bf7715cd1ef0ce1b"
            ],
            "index": "pypi",
            "version": "==1.7.1"
        },
        "six": {
            "hashes": [
                "sha256:30639c035cdb23534cd4aa2dd52c3bf48f06e5f4a941509c8bafd8ce11080259",
                "sha256:8b74bedcbbbaca38ff6d7491d76f2b06b3592611af620f8426e82dddb04a5ced"
            ],
            "index": "pypi",
            "version": "==1.15.0"
        },
        "smmap": {
            "hashes": [
                "sha256:54c44c197c819d5ef1991799a7e30b662d1e520f2ac75c9efbeb54a742214cf4",
                "sha256:9c98bbd1f9786d22f14b3d4126894d56befb835ec90cef151af566c7e19b5d24"
            ],
            "index": "pypi",
            "version": "==3.0.4"
        },
        "toml": {
            "hashes": [
                "sha256:926b612be1e5ce0634a2ca03470f95169cf16f939018233a670519cb4ac58b0f",
                "sha256:bda89d5935c2eac546d648028b9901107a595863cb36bae0c73ac804a9b4ce88"
            ],
            "index": "pypi",
            "version": "==0.10.1"
        },
        "z3-solver": {
            "hashes": [
                "sha256:1dd6b459d512a5644b38a0d55c915cdb3269b6d52b36ea14d9b32ce1d1a85d9a",
                "sha256:6fb188b34847a958e82efbe1a7a354675b2929145c6dcb45a1256aaeb9c49414",
                "sha256:a0bbbc1a02b25db3b824ab5e839b2c0b0cc2130da914f3ba09b7b38d05e1827c",
                "sha256:cd022a66524685bdd8b265027bd22f24c35f8db29a4287d005e0005757ffdc21",
                "sha256:dca0a50817d25ebd021ddc55cdebb1bb359f8424266d2384935ded330890893a"
            ],
            "index": "pypi",
            "version": "==4.8.10.0"
        }
    },
    "develop": {}
}
